{
    "version": 3,
    "terraform_version": "0.11.7",
    "serial": 3,
    "lineage": "ca2f84d5-a936-0857-6495-2008dcfebd56",
    "modules": [
        {
            "path": [
                "root"
            ],
            "outputs": {},
            "resources": {
                "google_storage_bucket.crink-io": {
                    "type": "google_storage_bucket",
                    "depends_on": [],
                    "primary": {
                        "id": "crink-io",
                        "attributes": {
                            "force_destroy": "false",
                            "id": "crink-io",
                            "location": "US",
                            "name": "crink-io",
                            "storage_class": "MULTI_REGIONAL",
                            "versioning.#": "1",
                            "versioning.0.enabled": "false",
                            "website.#": "1",
                            "website.0.main_page_suffix": "index.html",
                            "website.0.not_found_page": "404.html"
                        },
                        "meta": {},
                        "tainted": false
                    },
                    "deposed": [],
                    "provider": "provider.google"
                }
            },
            "depends_on": []
        }
    ]
}
